// !$*UTF8*$!
{
	archiveVersion = 1;
	classes = {
	};
	objectVersion = 56;
	objects = {

/* Begin PBXBuildFile section */
		15650D702CB3FD5200EC88C0 /* AppDelegate.swift in Sources */ = {isa = PBXBuildFile; fileRef = 15650D6F2CB3FD5200EC88C0 /* AppDelegate.swift */; };
		15650D722CB3FD5200EC88C0 /* SceneDelegate.swift in Sources */ = {isa = PBXBuildFile; fileRef = 15650D712CB3FD5200EC88C0 /* SceneDelegate.swift */; };
		15650D772CB3FD5200EC88C0 /* Main.storyboard in Resources */ = {isa = PBXBuildFile; fileRef = 15650D752CB3FD5200EC88C0 /* Main.storyboard */; };
		15650D792CB3FD5400EC88C0 /* Assets.xcassets in Resources */ = {isa = PBXBuildFile; fileRef = 15650D782CB3FD5400EC88C0 /* Assets.xcassets */; };
		15650D7C2CB3FD5400EC88C0 /* LaunchScreen.storyboard in Resources */ = {isa = PBXBuildFile; fileRef = 15650D7A2CB3FD5400EC88C0 /* LaunchScreen.storyboard */; };
		15650D862CB3FF0500EC88C0 /* LoadViewController.swift in Sources */ = {isa = PBXBuildFile; fileRef = 15650D852CB3FF0500EC88C0 /* LoadViewController.swift */; };
		15650D892CB3FF7600EC88C0 /* Extensions.swift in Sources */ = {isa = PBXBuildFile; fileRef = 15650D882CB3FF7600EC88C0 /* Extensions.swift */; };
		15650D8C2CB4002600EC88C0 /* SnapKit in Frameworks */ = {isa = PBXBuildFile; productRef = 15650D8B2CB4002600EC88C0 /* SnapKit */; };
		15650D902CB4037400EC88C0 /* OnbUserViewController.swift in Sources */ = {isa = PBXBuildFile; fileRef = 15650D8F2CB4037400EC88C0 /* OnbUserViewController.swift */; };
		15650D932CB4061200EC88C0 /* CombineCocoa in Frameworks */ = {isa = PBXBuildFile; productRef = 15650D922CB4061200EC88C0 /* CombineCocoa */; };
		15650D962CB409F900EC88C0 /* HomeViewController.swift in Sources */ = {isa = PBXBuildFile; fileRef = 15650D952CB409F900EC88C0 /* HomeViewController.swift */; };
		15650D992CB42CAD00EC88C0 /* TabBarViewController.swift in Sources */ = {isa = PBXBuildFile; fileRef = 15650D982CB42CAD00EC88C0 /* TabBarViewController.swift */; };
		15650D9C2CB477F400EC88C0 /* LoadStorage.swift in Sources */ = {isa = PBXBuildFile; fileRef = 15650D9B2CB477F400EC88C0 /* LoadStorage.swift */; };
		15650D9E2CB47B9F00EC88C0 /* ProfileModel.swift in Sources */ = {isa = PBXBuildFile; fileRef = 15650D9D2CB47B9F00EC88C0 /* ProfileModel.swift */; };
		15650DA02CB47CF900EC88C0 /* EditProfileView.swift in Sources */ = {isa = PBXBuildFile; fileRef = 15650D9F2CB47CF900EC88C0 /* EditProfileView.swift */; };
		15650DA32CB488D700EC88C0 /* GlobalModels.swift in Sources */ = {isa = PBXBuildFile; fileRef = 15650DA22CB488D700EC88C0 /* GlobalModels.swift */; };
		15650DA62CB5403800EC88C0 /* EventsViewController.swift in Sources */ = {isa = PBXBuildFile; fileRef = 15650DA52CB5403800EC88C0 /* EventsViewController.swift */; };
		15650DA82CB55F3C00EC88C0 /* AddNewEventViewController.swift in Sources */ = {isa = PBXBuildFile; fileRef = 15650DA72CB55F3C00EC88C0 /* AddNewEventViewController.swift */; };
		15650DAB2CB56DAF00EC88C0 /* StaticFunc.swift in Sources */ = {isa = PBXBuildFile; fileRef = 15650DAA2CB56DAF00EC88C0 /* StaticFunc.swift */; };
		15650DAD2CB58B9100EC88C0 /* DetailEventViewController.swift in Sources */ = {isa = PBXBuildFile; fileRef = 15650DAC2CB58B9100EC88C0 /* DetailEventViewController.swift */; };
		15650DAF2CB5AF1700EC88C0 /* NewNoteView.swift in Sources */ = {isa = PBXBuildFile; fileRef = 15650DAE2CB5AF1700EC88C0 /* NewNoteView.swift */; };
/* End PBXBuildFile section */

/* Begin PBXFileReference section */
		15650D6C2CB3FD5200EC88C0 /* 1031_bookOfBet.app */ = {isa = PBXFileReference; explicitFileType = wrapper.application; includeInIndex = 0; path = 1031_bookOfBet.app; sourceTree = BUILT_PRODUCTS_DIR; };
		15650D6F2CB3FD5200EC88C0 /* AppDelegate.swift */ = {isa = PBXFileReference; lastKnownFileType = sourcecode.swift; path = AppDelegate.swift; sourceTree = "<group>"; };
		15650D712CB3FD5200EC88C0 /* SceneDelegate.swift */ = {isa = PBXFileReference; lastKnownFileType = sourcecode.swift; path = SceneDelegate.swift; sourceTree = "<group>"; };
		15650D762CB3FD5200EC88C0 /* Base */ = {isa = PBXFileReference; lastKnownFileType = file.storyboard; name = Base; path = Base.lproj/Main.storyboard; sourceTree = "<group>"; };
		15650D782CB3FD5400EC88C0 /* Assets.xcassets */ = {isa = PBXFileReference; lastKnownFileType = folder.assetcatalog; path = Assets.xcassets; sourceTree = "<group>"; };
		15650D7B2CB3FD5400EC88C0 /* Base */ = {isa = PBXFileReference; lastKnownFileType = file.storyboard; name = Base; path = Base.lproj/LaunchScreen.storyboard; sourceTree = "<group>"; };
		15650D7D2CB3FD5400EC88C0 /* Info.plist */ = {isa = PBXFileReference; lastKnownFileType = text.plist.xml; path = Info.plist; sourceTree = "<group>"; };
		15650D852CB3FF0500EC88C0 /* LoadViewController.swift */ = {isa = PBXFileReference; lastKnownFileType = sourcecode.swift; path = LoadViewController.swift; sourceTree = "<group>"; };
		15650D882CB3FF7600EC88C0 /* Extensions.swift */ = {isa = PBXFileReference; lastKnownFileType = sourcecode.swift; path = Extensions.swift; sourceTree = "<group>"; };
		15650D8F2CB4037400EC88C0 /* OnbUserViewController.swift */ = {isa = PBXFileReference; lastKnownFileType = sourcecode.swift; path = OnbUserViewController.swift; sourceTree = "<group>"; };
		15650D952CB409F900EC88C0 /* HomeViewController.swift */ = {isa = PBXFileReference; lastKnownFileType = sourcecode.swift; path = HomeViewController.swift; sourceTree = "<group>"; };
		15650D982CB42CAD00EC88C0 /* TabBarViewController.swift */ = {isa = PBXFileReference; lastKnownFileType = sourcecode.swift; path = TabBarViewController.swift; sourceTree = "<group>"; };
		15650D9B2CB477F400EC88C0 /* LoadStorage.swift */ = {isa = PBXFileReference; lastKnownFileType = sourcecode.swift; path = LoadStorage.swift; sourceTree = "<group>"; };
		15650D9D2CB47B9F00EC88C0 /* ProfileModel.swift */ = {isa = PBXFileReference; lastKnownFileType = sourcecode.swift; path = ProfileModel.swift; sourceTree = "<group>"; };
		15650D9F2CB47CF900EC88C0 /* EditProfileView.swift */ = {isa = PBXFileReference; lastKnownFileType = sourcecode.swift; path = EditProfileView.swift; sourceTree = "<group>"; };
		15650DA22CB488D700EC88C0 /* GlobalModels.swift */ = {isa = PBXFileReference; lastKnownFileType = sourcecode.swift; path = GlobalModels.swift; sourceTree = "<group>"; };
		15650DA52CB5403800EC88C0 /* EventsViewController.swift */ = {isa = PBXFileReference; lastKnownFileType = sourcecode.swift; path = EventsViewController.swift; sourceTree = "<group>"; };
		15650DA72CB55F3C00EC88C0 /* AddNewEventViewController.swift */ = {isa = PBXFileReference; lastKnownFileType = sourcecode.swift; path = AddNewEventViewController.swift; sourceTree = "<group>"; };
		15650DAA2CB56DAF00EC88C0 /* StaticFunc.swift */ = {isa = PBXFileReference; lastKnownFileType = sourcecode.swift; path = StaticFunc.swift; sourceTree = "<group>"; };
		15650DAC2CB58B9100EC88C0 /* DetailEventViewController.swift */ = {isa = PBXFileReference; lastKnownFileType = sourcecode.swift; path = DetailEventViewController.swift; sourceTree = "<group>"; };
		15650DAE2CB5AF1700EC88C0 /* NewNoteView.swift */ = {isa = PBXFileReference; lastKnownFileType = sourcecode.swift; path = NewNoteView.swift; sourceTree = "<group>"; };
/* End PBXFileReference section */

/* Begin PBXFrameworksBuildPhase section */
		15650D692CB3FD5200EC88C0 /* Frameworks */ = {
			isa = PBXFrameworksBuildPhase;
			buildActionMask = 2147483647;
			files = (
				15650D932CB4061200EC88C0 /* CombineCocoa in Frameworks */,
				15650D8C2CB4002600EC88C0 /* SnapKit in Frameworks */,
			);
			runOnlyForDeploymentPostprocessing = 0;
		};
/* End PBXFrameworksBuildPhase section */

/* Begin PBXGroup section */
		15650D632CB3FD5200EC88C0 = {
			isa = PBXGroup;
			children = (
				15650D6E2CB3FD5200EC88C0 /* 1031_bookOfBet */,
				15650D6D2CB3FD5200EC88C0 /* Products */,
			);
			sourceTree = "<group>";
		};
		15650D6D2CB3FD5200EC88C0 /* Products */ = {
			isa = PBXGroup;
			children = (
				15650D6C2CB3FD5200EC88C0 /* 1031_bookOfBet.app */,
			);
			name = Products;
			sourceTree = "<group>";
		};
		15650D6E2CB3FD5200EC88C0 /* 1031_bookOfBet */ = {
			isa = PBXGroup;
			children = (
				15650DA92CB56D9B00EC88C0 /* StaticComponents */,
				15650DA42CB5402400EC88C0 /* Events */,
				15650DA12CB488C800EC88C0 /* GlobalModel */,
				15650D9A2CB477E600EC88C0 /* LoadFile */,
				15650D972CB42C8700EC88C0 /* TabBar */,
				15650D942CB409E900EC88C0 /* HomePage */,
				15650D872CB3FF6800EC88C0 /* Ext */,
				15650D842CB3FDEC00EC88C0 /* LoadPage */,
				15650D832CB3FDDF00EC88C0 /* Support */,
				15650D7D2CB3FD5400EC88C0 /* Info.plist */,
			);
			path = 1031_bookOfBet;
			sourceTree = "<group>";
		};
		15650D832CB3FDDF00EC88C0 /* Support */ = {
			isa = PBXGroup;
			children = (
				15650D712CB3FD5200EC88C0 /* SceneDelegate.swift */,
				15650D752CB3FD5200EC88C0 /* Main.storyboard */,
				15650D7A2CB3FD5400EC88C0 /* LaunchScreen.storyboard */,
				15650D782CB3FD5400EC88C0 /* Assets.xcassets */,
				15650D6F2CB3FD5200EC88C0 /* AppDelegate.swift */,
			);
			path = Support;
			sourceTree = "<group>";
		};
		15650D842CB3FDEC00EC88C0 /* LoadPage */ = {
			isa = PBXGroup;
			children = (
				15650D8E2CB4035C00EC88C0 /* OnbUser */,
				15650D852CB3FF0500EC88C0 /* LoadViewController.swift */,
			);
			path = LoadPage;
			sourceTree = "<group>";
		};
		15650D872CB3FF6800EC88C0 /* Ext */ = {
			isa = PBXGroup;
			children = (
				15650D882CB3FF7600EC88C0 /* Extensions.swift */,
			);
			path = Ext;
			sourceTree = "<group>";
		};
		15650D8E2CB4035C00EC88C0 /* OnbUser */ = {
			isa = PBXGroup;
			children = (
				15650D8F2CB4037400EC88C0 /* OnbUserViewController.swift */,
			);
			path = OnbUser;
			sourceTree = "<group>";
		};
		15650D942CB409E900EC88C0 /* HomePage */ = {
			isa = PBXGroup;
			children = (
				15650D952CB409F900EC88C0 /* HomeViewController.swift */,
				15650D9D2CB47B9F00EC88C0 /* ProfileModel.swift */,
				15650D9F2CB47CF900EC88C0 /* EditProfileView.swift */,
			);
			path = HomePage;
			sourceTree = "<group>";
		};
		15650D972CB42C8700EC88C0 /* TabBar */ = {
			isa = PBXGroup;
			children = (
				15650D982CB42CAD00EC88C0 /* TabBarViewController.swift */,
			);
			path = TabBar;
			sourceTree = "<group>";
		};
		15650D9A2CB477E600EC88C0 /* LoadFile */ = {
			isa = PBXGroup;
			children = (
				15650D9B2CB477F400EC88C0 /* LoadStorage.swift */,
			);
			path = LoadFile;
			sourceTree = "<group>";
		};
		15650DA12CB488C800EC88C0 /* GlobalModel */ = {
			isa = PBXGroup;
			children = (
				15650DA22CB488D700EC88C0 /* GlobalModels.swift */,
			);
			path = GlobalModel;
			sourceTree = "<group>";
		};
		15650DA42CB5402400EC88C0 /* Events */ = {
			isa = PBXGroup;
			children = (
				15650DA52CB5403800EC88C0 /* EventsViewController.swift */,
				15650DA72CB55F3C00EC88C0 /* AddNewEventViewController.swift */,
				15650DAC2CB58B9100EC88C0 /* DetailEventViewController.swift */,
				15650DAE2CB5AF1700EC88C0 /* NewNoteView.swift */,
			);
			path = Events;
			sourceTree = "<group>";
		};
		15650DA92CB56D9B00EC88C0 /* StaticComponents */ = {
			isa = PBXGroup;
			children = (
				15650DAA2CB56DAF00EC88C0 /* StaticFunc.swift */,
			);
			path = StaticComponents;
			sourceTree = "<group>";
		};
/* End PBXGroup section */

/* Begin PBXNativeTarget section */
		15650D6B2CB3FD5200EC88C0 /* 1031_bookOfBet */ = {
			isa = PBXNativeTarget;
			buildConfigurationList = 15650D802CB3FD5400EC88C0 /* Build configuration list for PBXNativeTarget "1031_bookOfBet" */;
			buildPhases = (
				15650D682CB3FD5200EC88C0 /* Sources */,
				15650D692CB3FD5200EC88C0 /* Frameworks */,
				15650D6A2CB3FD5200EC88C0 /* Resources */,
			);
			buildRules = (
			);
			dependencies = (
			);
			name = 1031_bookOfBet;
			packageProductDependencies = (
				15650D8B2CB4002600EC88C0 /* SnapKit */,
				15650D922CB4061200EC88C0 /* CombineCocoa */,
			);
			productName = 1031_bookOfBet;
			productReference = 15650D6C2CB3FD5200EC88C0 /* 1031_bookOfBet.app */;
			productType = "com.apple.product-type.application";
		};
/* End PBXNativeTarget section */

/* Begin PBXProject section */
		15650D642CB3FD5200EC88C0 /* Project object */ = {
			isa = PBXProject;
			attributes = {
				BuildIndependentTargetsInParallel = 1;
				LastSwiftUpdateCheck = 1520;
				LastUpgradeCheck = 1520;
				TargetAttributes = {
					15650D6B2CB3FD5200EC88C0 = {
						CreatedOnToolsVersion = 15.2;
					};
				};
			};
			buildConfigurationList = 15650D672CB3FD5200EC88C0 /* Build configuration list for PBXProject "1031_bookOfBet" */;
			compatibilityVersion = "Xcode 14.0";
			developmentRegion = en;
			hasScannedForEncodings = 0;
			knownRegions = (
				en,
				Base,
			);
			mainGroup = 15650D632CB3FD5200EC88C0;
			packageReferences = (
				15650D8A2CB4002600EC88C0 /* XCRemoteSwiftPackageReference "SnapKit" */,
				15650D912CB4061200EC88C0 /* XCRemoteSwiftPackageReference "CombineCocoa" */,
			);
			productRefGroup = 15650D6D2CB3FD5200EC88C0 /* Products */;
			projectDirPath = "";
			projectRoot = "";
			targets = (
				15650D6B2CB3FD5200EC88C0 /* 1031_bookOfBet */,
			);
		};
/* End PBXProject section */

/* Begin PBXResourcesBuildPhase section */
		15650D6A2CB3FD5200EC88C0 /* Resources */ = {
			isa = PBXResourcesBuildPhase;
			buildActionMask = 2147483647;
			files = (
				15650D7C2CB3FD5400EC88C0 /* LaunchScreen.storyboard in Resources */,
				15650D792CB3FD5400EC88C0 /* Assets.xcassets in Resources */,
				15650D772CB3FD5200EC88C0 /* Main.storyboard in Resources */,
			);
			runOnlyForDeploymentPostprocessing = 0;
		};
/* End PBXResourcesBuildPhase section */

/* Begin PBXSourcesBuildPhase section */
		15650D682CB3FD5200EC88C0 /* Sources */ = {
			isa = PBXSourcesBuildPhase;
			buildActionMask = 2147483647;
			files = (
				15650DA02CB47CF900EC88C0 /* EditProfileView.swift in Sources */,
				15650D9E2CB47B9F00EC88C0 /* ProfileModel.swift in Sources */,
				15650D862CB3FF0500EC88C0 /* LoadViewController.swift in Sources */,
				15650DA32CB488D700EC88C0 /* GlobalModels.swift in Sources */,
				15650D9C2CB477F400EC88C0 /* LoadStorage.swift in Sources */,
				15650DA62CB5403800EC88C0 /* EventsViewController.swift in Sources */,
				15650DAD2CB58B9100EC88C0 /* DetailEventViewController.swift in Sources */,
				15650DAF2CB5AF1700EC88C0 /* NewNoteView.swift in Sources */,
				15650D902CB4037400EC88C0 /* OnbUserViewController.swift in Sources */,
				15650D702CB3FD5200EC88C0 /* AppDelegate.swift in Sources */,
				15650D722CB3FD5200EC88C0 /* SceneDelegate.swift in Sources */,
				15650D992CB42CAD00EC88C0 /* TabBarViewController.swift in Sources */,
				15650D892CB3FF7600EC88C0 /* Extensions.swift in Sources */,
				15650DAB2CB56DAF00EC88C0 /* StaticFunc.swift in Sources */,
				15650DA82CB55F3C00EC88C0 /* AddNewEventViewController.swift in Sources */,
				15650D962CB409F900EC88C0 /* HomeViewController.swift in Sources */,
			);
			runOnlyForDeploymentPostprocessing = 0;
		};
/* End PBXSourcesBuildPhase section */

/* Begin PBXVariantGroup section */
		15650D752CB3FD5200EC88C0 /* Main.storyboard */ = {
			isa = PBXVariantGroup;
			children = (
				15650D762CB3FD5200EC88C0 /* Base */,
			);
			name = Main.storyboard;
			sourceTree = "<group>";
		};
		15650D7A2CB3FD5400EC88C0 /* LaunchScreen.storyboard */ = {
			isa = PBXVariantGroup;
			children = (
				15650D7B2CB3FD5400EC88C0 /* Base */,
			);
			name = LaunchScreen.storyboard;
			sourceTree = "<group>";
		};
/* End PBXVariantGroup section */

/* Begin XCBuildConfiguration section */
		15650D7E2CB3FD5400EC88C0 /* Debug */ = {
			isa = XCBuildConfiguration;
			buildSettings = {
				ALWAYS_SEARCH_USER_PATHS = NO;
				ASSETCATALOG_COMPILER_GENERATE_SWIFT_ASSET_SYMBOL_EXTENSIONS = YES;
				CLANG_ANALYZER_NONNULL = YES;
				CLANG_ANALYZER_NUMBER_OBJECT_CONVERSION = YES_AGGRESSIVE;
				CLANG_CXX_LANGUAGE_STANDARD = "gnu++20";
				CLANG_ENABLE_MODULES = YES;
				CLANG_ENABLE_OBJC_ARC = YES;
				CLANG_ENABLE_OBJC_WEAK = YES;
				CLANG_WARN_BLOCK_CAPTURE_AUTORELEASING = YES;
				CLANG_WARN_BOOL_CONVERSION = YES;
				CLANG_WARN_COMMA = YES;
				CLANG_WARN_CONSTANT_CONVERSION = YES;
				CLANG_WARN_DEPRECATED_OBJC_IMPLEMENTATIONS = YES;
				CLANG_WARN_DIRECT_OBJC_ISA_USAGE = YES_ERROR;
				CLANG_WARN_DOCUMENTATION_COMMENTS = YES;
				CLANG_WARN_EMPTY_BODY = YES;
				CLANG_WARN_ENUM_CONVERSION = YES;
				CLANG_WARN_INFINITE_RECURSION = YES;
				CLANG_WARN_INT_CONVERSION = YES;
				CLANG_WARN_NON_LITERAL_NULL_CONVERSION = YES;
				CLANG_WARN_OBJC_IMPLICIT_RETAIN_SELF = YES;
				CLANG_WARN_OBJC_LITERAL_CONVERSION = YES;
				CLANG_WARN_OBJC_ROOT_CLASS = YES_ERROR;
				CLANG_WARN_QUOTED_INCLUDE_IN_FRAMEWORK_HEADER = YES;
				CLANG_WARN_RANGE_LOOP_ANALYSIS = YES;
				CLANG_WARN_STRICT_PROTOTYPES = YES;
				CLANG_WARN_SUSPICIOUS_MOVE = YES;
				CLANG_WARN_UNGUARDED_AVAILABILITY = YES_AGGRESSIVE;
				CLANG_WARN_UNREACHABLE_CODE = YES;
				CLANG_WARN__DUPLICATE_METHOD_MATCH = YES;
				COPY_PHASE_STRIP = NO;
				DEBUG_INFORMATION_FORMAT = dwarf;
				ENABLE_STRICT_OBJC_MSGSEND = YES;
				ENABLE_TESTABILITY = YES;
				ENABLE_USER_SCRIPT_SANDBOXING = YES;
				GCC_C_LANGUAGE_STANDARD = gnu17;
				GCC_DYNAMIC_NO_PIC = NO;
				GCC_NO_COMMON_BLOCKS = YES;
				GCC_OPTIMIZATION_LEVEL = 0;
				GCC_PREPROCESSOR_DEFINITIONS = (
					"DEBUG=1",
					"$(inherited)",
				);
				GCC_WARN_64_TO_32_BIT_CONVERSION = YES;
				GCC_WARN_ABOUT_RETURN_TYPE = YES_ERROR;
				GCC_WARN_UNDECLARED_SELECTOR = YES;
				GCC_WARN_UNINITIALIZED_AUTOS = YES_AGGRESSIVE;
				GCC_WARN_UNUSED_FUNCTION = YES;
				GCC_WARN_UNUSED_VARIABLE = YES;
				IPHONEOS_DEPLOYMENT_TARGET = 17.2;
				LOCALIZATION_PREFERS_STRING_CATALOGS = YES;
				MTL_ENABLE_DEBUG_INFO = INCLUDE_SOURCE;
				MTL_FAST_MATH = YES;
				ONLY_ACTIVE_ARCH = YES;
				SDKROOT = iphoneos;
				SWIFT_ACTIVE_COMPILATION_CONDITIONS = "DEBUG $(inherited)";
				SWIFT_OPTIMIZATION_LEVEL = "-Onone";
			};
			name = Debug;
		};
		15650D7F2CB3FD5400EC88C0 /* Release */ = {
			isa = XCBuildConfiguration;
			buildSettings = {
				ALWAYS_SEARCH_USER_PATHS = NO;
				ASSETCATALOG_COMPILER_GENERATE_SWIFT_ASSET_SYMBOL_EXTENSIONS = YES;
				CLANG_ANALYZER_NONNULL = YES;
				CLANG_ANALYZER_NUMBER_OBJECT_CONVERSION = YES_AGGRESSIVE;
				CLANG_CXX_LANGUAGE_STANDARD = "gnu++20";
				CLANG_ENABLE_MODULES = YES;
				CLANG_ENABLE_OBJC_ARC = YES;
				CLANG_ENABLE_OBJC_WEAK = YES;
				CLANG_WARN_BLOCK_CAPTURE_AUTORELEASING = YES;
				CLANG_WARN_BOOL_CONVERSION = YES;
				CLANG_WARN_COMMA = YES;
				CLANG_WARN_CONSTANT_CONVERSION = YES;
				CLANG_WARN_DEPRECATED_OBJC_IMPLEMENTATIONS = YES;
				CLANG_WARN_DIRECT_OBJC_ISA_USAGE = YES_ERROR;
				CLANG_WARN_DOCUMENTATION_COMMENTS = YES;
				CLANG_WARN_EMPTY_BODY = YES;
				CLANG_WARN_ENUM_CONVERSION = YES;
				CLANG_WARN_INFINITE_RECURSION = YES;
				CLANG_WARN_INT_CONVERSION = YES;
				CLANG_WARN_NON_LITERAL_NULL_CONVERSION = YES;
				CLANG_WARN_OBJC_IMPLICIT_RETAIN_SELF = YES;
				CLANG_WARN_OBJC_LITERAL_CONVERSION = YES;
				CLANG_WARN_OBJC_ROOT_CLASS = YES_ERROR;
				CLANG_WARN_QUOTED_INCLUDE_IN_FRAMEWORK_HEADER = YES;
				CLANG_WARN_RANGE_LOOP_ANALYSIS = YES;
				CLANG_WARN_STRICT_PROTOTYPES = YES;
				CLANG_WARN_SUSPICIOUS_MOVE = YES;
				CLANG_WARN_UNGUARDED_AVAILABILITY = YES_AGGRESSIVE;
				CLANG_WARN_UNREACHABLE_CODE = YES;
				CLANG_WARN__DUPLICATE_METHOD_MATCH = YES;
				COPY_PHASE_STRIP = NO;
				DEBUG_INFORMATION_FORMAT = "dwarf-with-dsym";
				ENABLE_NS_ASSERTIONS = NO;
				ENABLE_STRICT_OBJC_MSGSEND = YES;
				ENABLE_USER_SCRIPT_SANDBOXING = YES;
				GCC_C_LANGUAGE_STANDARD = gnu17;
				GCC_NO_COMMON_BLOCKS = YES;
				GCC_WARN_64_TO_32_BIT_CONVERSION = YES;
				GCC_WARN_ABOUT_RETURN_TYPE = YES_ERROR;
				GCC_WARN_UNDECLARED_SELECTOR = YES;
				GCC_WARN_UNINITIALIZED_AUTOS = YES_AGGRESSIVE;
				GCC_WARN_UNUSED_FUNCTION = YES;
				GCC_WARN_UNUSED_VARIABLE = YES;
				IPHONEOS_DEPLOYMENT_TARGET = 17.2;
				LOCALIZATION_PREFERS_STRING_CATALOGS = YES;
				MTL_ENABLE_DEBUG_INFO = NO;
				MTL_FAST_MATH = YES;
				SDKROOT = iphoneos;
				SWIFT_COMPILATION_MODE = wholemodule;
				VALIDATE_PRODUCT = YES;
			};
			name = Release;
		};
		15650D812CB3FD5400EC88C0 /* Debug */ = {
			isa = XCBuildConfiguration;
			buildSettings = {
				ASSETCATALOG_COMPILER_APPICON_NAME = AppIcon;
				ASSETCATALOG_COMPILER_GLOBAL_ACCENT_COLOR_NAME = AccentColor;
				CODE_SIGN_STYLE = Automatic;
				CURRENT_PROJECT_VERSION = 1;
				GENERATE_INFOPLIST_FILE = YES;
				INFOPLIST_FILE = 1031_bookOfBet/Info.plist;
				INFOPLIST_KEY_CFBundleDisplayName = "Book of bet";
				INFOPLIST_KEY_UIApplicationSupportsIndirectInputEvents = YES;
				INFOPLIST_KEY_UILaunchStoryboardName = LaunchScreen;
				INFOPLIST_KEY_UIMainStoryboardFile = Main;
				INFOPLIST_KEY_UISupportedInterfaceOrientations_iPad = "UIInterfaceOrientationPortrait UIInterfaceOrientationPortraitUpsideDown UIInterfaceOrientationLandscapeLeft UIInterfaceOrientationLandscapeRight";
				INFOPLIST_KEY_UISupportedInterfaceOrientations_iPhone = "UIInterfaceOrientationPortrait UIInterfaceOrientationLandscapeLeft UIInterfaceOrientationLandscapeRight";
				IPHONEOS_DEPLOYMENT_TARGET = 13.0;
				LD_RUNPATH_SEARCH_PATHS = (
					"$(inherited)",
					"@executable_path/Frameworks",
				);
				MARKETING_VERSION = 1.0;
				PRODUCT_BUNDLE_IDENTIFIER = "k.-031-bookOfBet";
				PRODUCT_NAME = "$(TARGET_NAME)";
				SUPPORTED_PLATFORMS = "iphoneos iphonesimulator";
				SUPPORTS_MACCATALYST = NO;
				SUPPORTS_XR_DESIGNED_FOR_IPHONE_IPAD = NO;
				SWIFT_EMIT_LOC_STRINGS = YES;
				SWIFT_VERSION = 5.0;
				TARGETED_DEVICE_FAMILY = "1,2";
			};
			name = Debug;
		};
		15650D822CB3FD5400EC88C0 /* Release */ = {
			isa = XCBuildConfiguration;
			buildSettings = {
				ASSETCATALOG_COMPILER_APPICON_NAME = AppIcon;
				ASSETCATALOG_COMPILER_GLOBAL_ACCENT_COLOR_NAME = AccentColor;
				CODE_SIGN_STYLE = Automatic;
				CURRENT_PROJECT_VERSION = 1;
				GENERATE_INFOPLIST_FILE = YES;
				INFOPLIST_FILE = 1031_bookOfBet/Info.plist;
				INFOPLIST_KEY_CFBundleDisplayName = "Book of bet";
				INFOPLIST_KEY_UIApplicationSupportsIndirectInputEvents = YES;
				INFOPLIST_KEY_UILaunchStoryboardName = LaunchScreen;
				INFOPLIST_KEY_UIMainStoryboardFile = Main;
				INFOPLIST_KEY_UISupportedInterfaceOrientations_iPad = "UIInterfaceOrientationPortrait UIInterfaceOrientationPortraitUpsideDown UIInterfaceOrientationLandscapeLeft UIInterfaceOrientationLandscapeRight";
				INFOPLIST_KEY_UISupportedInterfaceOrientations_iPhone = "UIInterfaceOrientationPortrait UIInterfaceOrientationLandscapeLeft UIInterfaceOrientationLandscapeRight";
				IPHONEOS_DEPLOYMENT_TARGET = 13.0;
				LD_RUNPATH_SEARCH_PATHS = (
					"$(inherited)",
					"@executable_path/Frameworks",
				);
				MARKETING_VERSION = 1.0;
				PRODUCT_BUNDLE_IDENTIFIER = "k.-031-bookOfBet";
				PRODUCT_NAME = "$(TARGET_NAME)";
				SUPPORTED_PLATFORMS = "iphoneos iphonesimulator";
				SUPPORTS_MACCATALYST = NO;
				SUPPORTS_XR_DESIGNED_FOR_IPHONE_IPAD = NO;
				SWIFT_EMIT_LOC_STRINGS = YES;
				SWIFT_VERSION = 5.0;
				TARGETED_DEVICE_FAMILY = "1,2";
			};
			name = Release;
		};
/* End XCBuildConfiguration section */

/* Begin XCConfigurationList section */
		15650D672CB3FD5200EC88C0 /* Build configuration list for PBXProject "1031_bookOfBet" */ = {
			isa = XCConfigurationList;
			buildConfigurations = (
				15650D7E2CB3FD5400EC88C0 /* Debug */,
				15650D7F2CB3FD5400EC88C0 /* Release */,
			);
			defaultConfigurationIsVisible = 0;
			defaultConfigurationName = Release;
		};
		15650D802CB3FD5400EC88C0 /* Build configuration list for PBXNativeTarget "1031_bookOfBet" */ = {
			isa = XCConfigurationList;
			buildConfigurations = (
				15650D812CB3FD5400EC88C0 /* Debug */,
				15650D822CB3FD5400EC88C0 /* Release */,
			);
			defaultConfigurationIsVisible = 0;
			defaultConfigurationName = Release;
		};
/* End XCConfigurationList section */

/* Begin XCRemoteSwiftPackageReference section */
		15650D8A2CB4002600EC88C0 /* XCRemoteSwiftPackageReference "SnapKit" */ = {
			isa = XCRemoteSwiftPackageReference;
			repositoryURL = "https://github.com/SnapKit/SnapKit";
			requirement = {
				kind = upToNextMajorVersion;
				minimumVersion = 5.7.1;
			};
		};
		15650D912CB4061200EC88C0 /* XCRemoteSwiftPackageReference "CombineCocoa" */ = {
			isa = XCRemoteSwiftPackageReference;
			repositoryURL = "https://github.com/CombineCommunity/CombineCocoa";
			requirement = {
				kind = upToNextMajorVersion;
				minimumVersion = 0.4.1;
			};
		};
/* End XCRemoteSwiftPackageReference section */

/* Begin XCSwiftPackageProductDependency section */
		15650D8B2CB4002600EC88C0 /* SnapKit */ = {
			isa = XCSwiftPackageProductDependency;
			package = 15650D8A2CB4002600EC88C0 /* XCRemoteSwiftPackageReference "SnapKit" */;
			productName = SnapKit;
		};
		15650D922CB4061200EC88C0 /* CombineCocoa */ = {
			isa = XCSwiftPackageProductDependency;
			package = 15650D912CB4061200EC88C0 /* XCRemoteSwiftPackageReference "CombineCocoa" */;
			productName = CombineCocoa;
		};
/* End XCSwiftPackageProductDependency section */
	};
	rootObject = 15650D642CB3FD5200EC88C0 /* Project object */;
}
